
Microsoft Visual Studio Solution File, Format Version 12.00
# Visual Studio Version 17
VisualStudioVersion = 17.5.001.0
MinimumVisualStudioVersion = 10.0.40219.1
Project("{9A19103F-16F7-4668-BE54-9A1E7A4F7556}") = "self_bot", "self_bot.csproj", "{6FA80487-910C-4A9A-AB0A-471E7CD9C71F}"
EndProject
Global
	GlobalSection(SolutionConfigurationPlatforms) = preSolution
		Debug|Any CPU = Debug|Any CPU
		Release|Any CPU = Release|Any CPU
	EndGlobalSection
	GlobalSection(ProjectConfigurationPlatforms) = postSolution
		{6FA80487-910C-4A9A-AB0A-471E7CD9C71F}.Debug|Any CPU.ActiveCfg = Debug|Any CPU
		{6FA80487-910C-4A9A-AB0A-471E7CD9C71F}.Debug|Any CPU.Build.0 = Debug|Any CPU
		{6FA80487-910C-4A9A-AB0A-471E7CD9C71F}.Release|Any CPU.ActiveCfg = Release|Any CPU
		{6FA80487-910C-4A9A-AB0A-471E7CD9C71F}.Release|Any CPU.Build.0 = Release|Any CPU
	EndGlobalSection
	GlobalSection(SolutionProperties) = preSolution
		HideSolutionNode = FALSE
	EndGlobalSection
	GlobalSection(ExtensibilityGlobals) = postSolution
		SolutionGuid = {4E2DF51E-6134-41D1-ADA9-48C64B2B36EA}
	EndGlobalSection
EndGlobal
